
Microsoft Visual Studio Solution File, Format Version 9.00
# Visual Studio 2005
Project("{8BC9CEB8-8B4A-11D0-8D11-00A0C91BC942}") = "Demo1", "Demos\Demo1\Demo1_2005.vcproj", "{4C8AA7EB-E9FE-4773-8D56-F0FBE8371B21}"
	ProjectSection(ProjectDependencies) = postProject
		{C6163914-8449-402C-BFE6-A189E10C9F22} = {C6163914-8449-402C-BFE6-A189E10C9F22}
	EndProjectSection
EndProject
Project("{8BC9CEB8-8B4A-11D0-8D11-00A0C91BC942}") = "SexyKanji", "SexyKanji\SexyKanji_2005.vcproj", "{C6163914-8449-402C-BFE6-A189E10C9F22}"
EndProject
Project("{8BC9CEB8-8B4A-11D0-8D11-00A0C91BC942}") = "Demo2", "Demos\Demo2\Demo2_2005.vcproj", "{55A03B62-2107-41DD-83AA-0638E00A4AE0}"
	ProjectSection(ProjectDependencies) = postProject
		{C6163914-8449-402C-BFE6-A189E10C9F22} = {C6163914-8449-402C-BFE6-A189E10C9F22}
	EndProjectSection
EndProject
Project("{8BC9CEB8-8B4A-11D0-8D11-00A0C91BC942}") = "Demo3", "Demos\Demo3\Demo3_2005.vcproj", "{81E05325-B868-4A57-9DCD-BF257B88541F}"
	ProjectSection(ProjectDependencies) = postProject
		{C6163914-8449-402C-BFE6-A189E10C9F22} = {C6163914-8449-402C-BFE6-A189E10C9F22}
	EndProjectSection
EndProject
Project("{8BC9CEB8-8B4A-11D0-8D11-00A0C91BC942}") = "Demo4", "Demos\Demo4\Demo4_2005.vcproj", "{4B8FA620-D6A0-45EF-8342-7490C310B6DC}"
	ProjectSection(ProjectDependencies) = postProject
		{C6163914-8449-402C-BFE6-A189E10C9F22} = {C6163914-8449-402C-BFE6-A189E10C9F22}
	EndProjectSection
EndProject
Project("{8BC9CEB8-8B4A-11D0-8D11-00A0C91BC942}") = "Demo5", "Demos\Demo5\Demo5_2005.vcproj", "{9678A496-B1DB-4AFC-B5D3-7A23B93F03DA}"
	ProjectSection(ProjectDependencies) = postProject
		{C6163914-8449-402C-BFE6-A189E10C9F22} = {C6163914-8449-402C-BFE6-A189E10C9F22}
	EndProjectSection
EndProject
Project("{8BC9CEB8-8B4A-11D0-8D11-00A0C91BC942}") = "V12Demo", "Demos\V12Demo\V12Demo_2005.vcproj", "{72329C1B-C4A7-465E-B695-C1862769BC5F}"
	ProjectSection(ProjectDependencies) = postProject
		{C6163914-8449-402C-BFE6-A189E10C9F22} = {C6163914-8449-402C-BFE6-A189E10C9F22}
	EndProjectSection
EndProject
Project("{8BC9CEB8-8B4A-11D0-8D11-00A0C91BC942}") = "Hun-garr", "Demos\Hun-garr\Hun-garr_2005.vcproj", "{F1B306FD-EDDC-48BD-8A60-3E388389D9CC}"
	ProjectSection(ProjectDependencies) = postProject
		{C6163914-8449-402C-BFE6-A189E10C9F22} = {C6163914-8449-402C-BFE6-A189E10C9F22}
	EndProjectSection
EndProject
Global
	GlobalSection(SolutionConfigurationPlatforms) = preSolution
		Debug|Win32 = Debug|Win32
		Release|Win32 = Release|Win32
	EndGlobalSection
	GlobalSection(ProjectConfigurationPlatforms) = postSolution
		{4C8AA7EB-E9FE-4773-8D56-F0FBE8371B21}.Debug_Ansi_J2K|Win32.ActiveCfg = Debug|Win32
		{4C8AA7EB-E9FE-4773-8D56-F0FBE8371B21}.Debug_Ansi|Win32.ActiveCfg = Debug|Win32
		{4C8AA7EB-E9FE-4773-8D56-F0FBE8371B21}.Debug_Ansi|Win32.Build.0 = Debug|Win32
		{4C8AA7EB-E9FE-4773-8D56-F0FBE8371B21}.Debug|Win32.ActiveCfg = Debug|Win32
		{4C8AA7EB-E9FE-4773-8D56-F0FBE8371B21}.Debug|Win32.Build.0 = Debug|Win32
		{4C8AA7EB-E9FE-4773-8D56-F0FBE8371B21}.DebugDX_Ansi|Win32.ActiveCfg = Debug|Win32
		{4C8AA7EB-E9FE-4773-8D56-F0FBE8371B21}.DebugDX_Ansi|Win32.Build.0 = Debug|Win32
		{4C8AA7EB-E9FE-4773-8D56-F0FBE8371B21}.DebugDX|Win32.ActiveCfg = Debug|Win32
		{4C8AA7EB-E9FE-4773-8D56-F0FBE8371B21}.DebugDX|Win32.Build.0 = Debug|Win32
		{4C8AA7EB-E9FE-4773-8D56-F0FBE8371B21}.DebugVideo_Ansi|Win32.ActiveCfg = Debug|Win32
		{4C8AA7EB-E9FE-4773-8D56-F0FBE8371B21}.DebugVideo_Ansi|Win32.Build.0 = Debug|Win32
		{4C8AA7EB-E9FE-4773-8D56-F0FBE8371B21}.DebugVideo|Win32.ActiveCfg = Debug|Win32
		{4C8AA7EB-E9FE-4773-8D56-F0FBE8371B21}.DebugVideo|Win32.Build.0 = Debug|Win32
		{4C8AA7EB-E9FE-4773-8D56-F0FBE8371B21}.Release_Ansi_J2K|Win32.ActiveCfg = Release|Win32
		{4C8AA7EB-E9FE-4773-8D56-F0FBE8371B21}.Release_Ansi_J2K|Win32.Build.0 = Release|Win32
		{4C8AA7EB-E9FE-4773-8D56-F0FBE8371B21}.Release_Ansi|Win32.ActiveCfg = Release|Win32
		{4C8AA7EB-E9FE-4773-8D56-F0FBE8371B21}.Release_Ansi|Win32.Build.0 = Release|Win32
		{4C8AA7EB-E9FE-4773-8D56-F0FBE8371B21}.Release|Win32.ActiveCfg = Release|Win32
		{4C8AA7EB-E9FE-4773-8D56-F0FBE8371B21}.Release|Win32.Build.0 = Release|Win32
		{4C8AA7EB-E9FE-4773-8D56-F0FBE8371B21}.ReleaseDX_Ansi|Win32.ActiveCfg = Release|Win32
		{4C8AA7EB-E9FE-4773-8D56-F0FBE8371B21}.ReleaseDX_Ansi|Win32.Build.0 = Release|Win32
		{4C8AA7EB-E9FE-4773-8D56-F0FBE8371B21}.ReleaseDX|Win32.ActiveCfg = Release|Win32
		{4C8AA7EB-E9FE-4773-8D56-F0FBE8371B21}.ReleaseDX|Win32.Build.0 = Release|Win32
		{4C8AA7EB-E9FE-4773-8D56-F0FBE8371B21}.ReleaseVideo_Ansi|Win32.ActiveCfg = Release|Win32
		{4C8AA7EB-E9FE-4773-8D56-F0FBE8371B21}.ReleaseVideo_Ansi|Win32.Build.0 = Release|Win32
		{4C8AA7EB-E9FE-4773-8D56-F0FBE8371B21}.ReleaseVideo|Win32.ActiveCfg = Release|Win32
		{4C8AA7EB-E9FE-4773-8D56-F0FBE8371B21}.ReleaseVideo|Win32.Build.0 = Release|Win32
		{C6163914-8449-402C-BFE6-A189E10C9F22}.Debug_Ansi_J2K|Win32.ActiveCfg = Debug|Win32
		{C6163914-8449-402C-BFE6-A189E10C9F22}.Debug_Ansi|Win32.ActiveCfg = Debug|Win32
		{C6163914-8449-402C-BFE6-A189E10C9F22}.Debug_Ansi|Win32.Build.0 = Debug|Win32
		{C6163914-8449-402C-BFE6-A189E10C9F22}.Debug|Win32.ActiveCfg = Debug|Win32
		{C6163914-8449-402C-BFE6-A189E10C9F22}.Debug|Win32.Build.0 = Debug|Win32
		{C6163914-8449-402C-BFE6-A189E10C9F22}.DebugDX_Ansi|Win32.ActiveCfg = Debug|Win32
		{C6163914-8449-402C-BFE6-A189E10C9F22}.DebugDX_Ansi|Win32.Build.0 = Debug|Win32
		{C6163914-8449-402C-BFE6-A189E10C9F22}.DebugDX|Win32.ActiveCfg = Debug|Win32
		{C6163914-8449-402C-BFE6-A189E10C9F22}.DebugDX|Win32.Build.0 = Debug|Win32
		{C6163914-8449-402C-BFE6-A189E10C9F22}.DebugVideo_Ansi|Win32.ActiveCfg = Debug|Win32
		{C6163914-8449-402C-BFE6-A189E10C9F22}.DebugVideo_Ansi|Win32.Build.0 = Debug|Win32
		{C6163914-8449-402C-BFE6-A189E10C9F22}.DebugVideo|Win32.ActiveCfg = Debug|Win32
		{C6163914-8449-402C-BFE6-A189E10C9F22}.DebugVideo|Win32.Build.0 = Debug|Win32
		{C6163914-8449-402C-BFE6-A189E10C9F22}.Release_Ansi_J2K|Win32.ActiveCfg = Release|Win32
		{C6163914-8449-402C-BFE6-A189E10C9F22}.Release_Ansi_J2K|Win32.Build.0 = Release|Win32
		{C6163914-8449-402C-BFE6-A189E10C9F22}.Release_Ansi|Win32.ActiveCfg = Release|Win32
		{C6163914-8449-402C-BFE6-A189E10C9F22}.Release_Ansi|Win32.Build.0 = Release|Win32
		{C6163914-8449-402C-BFE6-A189E10C9F22}.Release|Win32.ActiveCfg = Release|Win32
		{C6163914-8449-402C-BFE6-A189E10C9F22}.Release|Win32.Build.0 = Release|Win32
		{C6163914-8449-402C-BFE6-A189E10C9F22}.ReleaseDX_Ansi|Win32.ActiveCfg = Release|Win32
		{C6163914-8449-402C-BFE6-A189E10C9F22}.ReleaseDX_Ansi|Win32.Build.0 = Release|Win32
		{C6163914-8449-402C-BFE6-A189E10C9F22}.ReleaseDX|Win32.ActiveCfg = Release|Win32
		{C6163914-8449-402C-BFE6-A189E10C9F22}.ReleaseDX|Win32.Build.0 = Release|Win32
		{C6163914-8449-402C-BFE6-A189E10C9F22}.ReleaseVideo_Ansi|Win32.ActiveCfg = Release|Win32
		{C6163914-8449-402C-BFE6-A189E10C9F22}.ReleaseVideo_Ansi|Win32.Build.0 = Release|Win32
		{C6163914-8449-402C-BFE6-A189E10C9F22}.ReleaseVideo|Win32.ActiveCfg = Release|Win32
		{C6163914-8449-402C-BFE6-A189E10C9F22}.ReleaseVideo|Win32.Build.0 = Release|Win32
		{55A03B62-2107-41DD-83AA-0638E00A4AE0}.Debug_Ansi_J2K|Win32.ActiveCfg = Debug|Win32
		{55A03B62-2107-41DD-83AA-0638E00A4AE0}.Debug_Ansi|Win32.ActiveCfg = Debug|Win32
		{55A03B62-2107-41DD-83AA-0638E00A4AE0}.Debug_Ansi|Win32.Build.0 = Debug|Win32
		{55A03B62-2107-41DD-83AA-0638E00A4AE0}.Debug|Win32.ActiveCfg = Debug|Win32
		{55A03B62-2107-41DD-83AA-0638E00A4AE0}.Debug|Win32.Build.0 = Debug|Win32
		{55A03B62-2107-41DD-83AA-0638E00A4AE0}.DebugDX_Ansi|Win32.ActiveCfg = Debug|Win32
		{55A03B62-2107-41DD-83AA-0638E00A4AE0}.DebugDX_Ansi|Win32.Build.0 = Debug|Win32
		{55A03B62-2107-41DD-83AA-0638E00A4AE0}.DebugDX|Win32.ActiveCfg = Debug|Win32
		{55A03B62-2107-41DD-83AA-0638E00A4AE0}.DebugDX|Win32.Build.0 = Debug|Win32
		{55A03B62-2107-41DD-83AA-0638E00A4AE0}.DebugVideo_Ansi|Win32.ActiveCfg = Debug|Win32
		{55A03B62-2107-41DD-83AA-0638E00A4AE0}.DebugVideo_Ansi|Win32.Build.0 = Debug|Win32
		{55A03B62-2107-41DD-83AA-0638E00A4AE0}.DebugVideo|Win32.ActiveCfg = Debug|Win32
		{55A03B62-2107-41DD-83AA-0638E00A4AE0}.DebugVideo|Win32.Build.0 = Debug|Win32
		{55A03B62-2107-41DD-83AA-0638E00A4AE0}.Release_Ansi_J2K|Win32.ActiveCfg = Release|Win32
		{55A03B62-2107-41DD-83AA-0638E00A4AE0}.Release_Ansi_J2K|Win32.Build.0 = Release|Win32
		{55A03B62-2107-41DD-83AA-0638E00A4AE0}.Release_Ansi|Win32.ActiveCfg = Release|Win32
		{55A03B62-2107-41DD-83AA-0638E00A4AE0}.Release_Ansi|Win32.Build.0 = Release|Win32
		{55A03B62-2107-41DD-83AA-0638E00A4AE0}.Release|Win32.ActiveCfg = Release|Win32
		{55A03B62-2107-41DD-83AA-0638E00A4AE0}.Release|Win32.Build.0 = Release|Win32
		{55A03B62-2107-41DD-83AA-0638E00A4AE0}.ReleaseDX_Ansi|Win32.ActiveCfg = Release|Win32
		{55A03B62-2107-41DD-83AA-0638E00A4AE0}.ReleaseDX_Ansi|Win32.Build.0 = Release|Win32
		{55A03B62-2107-41DD-83AA-0638E00A4AE0}.ReleaseDX|Win32.ActiveCfg = Release|Win32
		{55A03B62-2107-41DD-83AA-0638E00A4AE0}.ReleaseDX|Win32.Build.0 = Release|Win32
		{55A03B62-2107-41DD-83AA-0638E00A4AE0}.ReleaseVideo_Ansi|Win32.ActiveCfg = Release|Win32
		{55A03B62-2107-41DD-83AA-0638E00A4AE0}.ReleaseVideo_Ansi|Win32.Build.0 = Release|Win32
		{55A03B62-2107-41DD-83AA-0638E00A4AE0}.ReleaseVideo|Win32.ActiveCfg = Release|Win32
		{55A03B62-2107-41DD-83AA-0638E00A4AE0}.ReleaseVideo|Win32.Build.0 = Release|Win32
		{81E05325-B868-4A57-9DCD-BF257B88541F}.Debug_Ansi_J2K|Win32.ActiveCfg = Debug|Win32
		{81E05325-B868-4A57-9DCD-BF257B88541F}.Debug_Ansi|Win32.ActiveCfg = Debug|Win32
		{81E05325-B868-4A57-9DCD-BF257B88541F}.Debug_Ansi|Win32.Build.0 = Debug|Win32
		{81E05325-B868-4A57-9DCD-BF257B88541F}.Debug|Win32.ActiveCfg = Debug|Win32
		{81E05325-B868-4A57-9DCD-BF257B88541F}.Debug|Win32.Build.0 = Debug|Win32
		{81E05325-B868-4A57-9DCD-BF257B88541F}.DebugDX_Ansi|Win32.ActiveCfg = Debug|Win32
		{81E05325-B868-4A57-9DCD-BF257B88541F}.DebugDX_Ansi|Win32.Build.0 = Debug|Win32
		{81E05325-B868-4A57-9DCD-BF257B88541F}.DebugDX|Win32.ActiveCfg = Debug|Win32
		{81E05325-B868-4A57-9DCD-BF257B88541F}.DebugDX|Win32.Build.0 = Debug|Win32
		{81E05325-B868-4A57-9DCD-BF257B88541F}.DebugVideo_Ansi|Win32.ActiveCfg = Debug|Win32
		{81E05325-B868-4A57-9DCD-BF257B88541F}.DebugVideo_Ansi|Win32.Build.0 = Debug|Win32
		{81E05325-B868-4A57-9DCD-BF257B88541F}.DebugVideo|Win32.ActiveCfg = Debug|Win32
		{81E05325-B868-4A57-9DCD-BF257B88541F}.DebugVideo|Win32.Build.0 = Debug|Win32
		{81E05325-B868-4A57-9DCD-BF257B88541F}.Release_Ansi_J2K|Win32.ActiveCfg = Release|Win32
		{81E05325-B868-4A57-9DCD-BF257B88541F}.Release_Ansi_J2K|Win32.Build.0 = Release|Win32
		{81E05325-B868-4A57-9DCD-BF257B88541F}.Release_Ansi|Win32.ActiveCfg = Release|Win32
		{81E05325-B868-4A57-9DCD-BF257B88541F}.Release_Ansi|Win32.Build.0 = Release|Win32
		{81E05325-B868-4A57-9DCD-BF257B88541F}.Release|Win32.ActiveCfg = Release|Win32
		{81E05325-B868-4A57-9DCD-BF257B88541F}.Release|Win32.Build.0 = Release|Win32
		{81E05325-B868-4A57-9DCD-BF257B88541F}.ReleaseDX_Ansi|Win32.ActiveCfg = Release|Win32
		{81E05325-B868-4A57-9DCD-BF257B88541F}.ReleaseDX_Ansi|Win32.Build.0 = Release|Win32
		{81E05325-B868-4A57-9DCD-BF257B88541F}.ReleaseDX|Win32.ActiveCfg = Release|Win32
		{81E05325-B868-4A57-9DCD-BF257B88541F}.ReleaseDX|Win32.Build.0 = Release|Win32
		{81E05325-B868-4A57-9DCD-BF257B88541F}.ReleaseVideo_Ansi|Win32.ActiveCfg = Release|Win32
		{81E05325-B868-4A57-9DCD-BF257B88541F}.ReleaseVideo_Ansi|Win32.Build.0 = Release|Win32
		{81E05325-B868-4A57-9DCD-BF257B88541F}.ReleaseVideo|Win32.ActiveCfg = Release|Win32
		{81E05325-B868-4A57-9DCD-BF257B88541F}.ReleaseVideo|Win32.Build.0 = Release|Win32
		{4B8FA620-D6A0-45EF-8342-7490C310B6DC}.Debug_Ansi_J2K|Win32.ActiveCfg = Debug|Win32
		{4B8FA620-D6A0-45EF-8342-7490C310B6DC}.Debug_Ansi|Win32.ActiveCfg = Debug|Win32
		{4B8FA620-D6A0-45EF-8342-7490C310B6DC}.Debug_Ansi|Win32.Build.0 = Debug|Win32
		{4B8FA620-D6A0-45EF-8342-7490C310B6DC}.Debug|Win32.ActiveCfg = Debug|Win32
		{4B8FA620-D6A0-45EF-8342-7490C310B6DC}.Debug|Win32.Build.0 = Debug|Win32
		{4B8FA620-D6A0-45EF-8342-7490C310B6DC}.DebugDX_Ansi|Win32.ActiveCfg = Debug|Win32
		{4B8FA620-D6A0-45EF-8342-7490C310B6DC}.DebugDX_Ansi|Win32.Build.0 = Debug|Win32
		{4B8FA620-D6A0-45EF-8342-7490C310B6DC}.DebugDX|Win32.ActiveCfg = Debug|Win32
		{4B8FA620-D6A0-45EF-8342-7490C310B6DC}.DebugDX|Win32.Build.0 = Debug|Win32
		{4B8FA620-D6A0-45EF-8342-7490C310B6DC}.DebugVideo_Ansi|Win32.ActiveCfg = Debug|Win32
		{4B8FA620-D6A0-45EF-8342-7490C310B6DC}.DebugVideo_Ansi|Win32.Build.0 = Debug|Win32
		{4B8FA620-D6A0-45EF-8342-7490C310B6DC}.DebugVideo|Win32.ActiveCfg = Debug|Win32
		{4B8FA620-D6A0-45EF-8342-7490C310B6DC}.DebugVideo|Win32.Build.0 = Debug|Win32
		{4B8FA620-D6A0-45EF-8342-7490C310B6DC}.Release_Ansi_J2K|Win32.ActiveCfg = Release|Win32
		{4B8FA620-D6A0-45EF-8342-7490C310B6DC}.Release_Ansi_J2K|Win32.Build.0 = Release|Win32
		{4B8FA620-D6A0-45EF-8342-7490C310B6DC}.Release_Ansi|Win32.ActiveCfg = Release|Win32
		{4B8FA620-D6A0-45EF-8342-7490C310B6DC}.Release_Ansi|Win32.Build.0 = Release|Win32
		{4B8FA620-D6A0-45EF-8342-7490C310B6DC}.Release|Win32.ActiveCfg = Release|Win32
		{4B8FA620-D6A0-45EF-8342-7490C310B6DC}.Release|Win32.Build.0 = Release|Win32
		{4B8FA620-D6A0-45EF-8342-7490C310B6DC}.ReleaseDX_Ansi|Win32.ActiveCfg = Release|Win32
		{4B8FA620-D6A0-45EF-8342-7490C310B6DC}.ReleaseDX_Ansi|Win32.Build.0 = Release|Win32
		{4B8FA620-D6A0-45EF-8342-7490C310B6DC}.ReleaseDX|Win32.ActiveCfg = Release|Win32
		{4B8FA620-D6A0-45EF-8342-7490C310B6DC}.ReleaseDX|Win32.Build.0 = Release|Win32
		{4B8FA620-D6A0-45EF-8342-7490C310B6DC}.ReleaseVideo_Ansi|Win32.ActiveCfg = Release|Win32
		{4B8FA620-D6A0-45EF-8342-7490C310B6DC}.ReleaseVideo_Ansi|Win32.Build.0 = Release|Win32
		{4B8FA620-D6A0-45EF-8342-7490C310B6DC}.ReleaseVideo|Win32.ActiveCfg = Release|Win32
		{4B8FA620-D6A0-45EF-8342-7490C310B6DC}.ReleaseVideo|Win32.Build.0 = Release|Win32
		{9678A496-B1DB-4AFC-B5D3-7A23B93F03DA}.Debug_Ansi_J2K|Win32.ActiveCfg = Debug|Win32
		{9678A496-B1DB-4AFC-B5D3-7A23B93F03DA}.Debug_Ansi|Win32.ActiveCfg = Debug|Win32
		{9678A496-B1DB-4AFC-B5D3-7A23B93F03DA}.Debug_Ansi|Win32.Build.0 = Debug|Win32
		{9678A496-B1DB-4AFC-B5D3-7A23B93F03DA}.Debug|Win32.ActiveCfg = Debug|Win32
		{9678A496-B1DB-4AFC-B5D3-7A23B93F03DA}.Debug|Win32.Build.0 = Debug|Win32
		{9678A496-B1DB-4AFC-B5D3-7A23B93F03DA}.DebugDX_Ansi|Win32.ActiveCfg = Debug|Win32
		{9678A496-B1DB-4AFC-B5D3-7A23B93F03DA}.DebugDX_Ansi|Win32.Build.0 = Debug|Win32
		{9678A496-B1DB-4AFC-B5D3-7A23B93F03DA}.DebugDX|Win32.ActiveCfg = Debug|Win32
		{9678A496-B1DB-4AFC-B5D3-7A23B93F03DA}.DebugDX|Win32.Build.0 = Debug|Win32
		{9678A496-B1DB-4AFC-B5D3-7A23B93F03DA}.DebugVideo_Ansi|Win32.ActiveCfg = Debug|Win32
		{9678A496-B1DB-4AFC-B5D3-7A23B93F03DA}.DebugVideo_Ansi|Win32.Build.0 = Debug|Win32
		{9678A496-B1DB-4AFC-B5D3-7A23B93F03DA}.DebugVideo|Win32.ActiveCfg = Debug|Win32
		{9678A496-B1DB-4AFC-B5D3-7A23B93F03DA}.DebugVideo|Win32.Build.0 = Debug|Win32
		{9678A496-B1DB-4AFC-B5D3-7A23B93F03DA}.Release_Ansi_J2K|Win32.ActiveCfg = Release|Win32
		{9678A496-B1DB-4AFC-B5D3-7A23B93F03DA}.Release_Ansi_J2K|Win32.Build.0 = Release|Win32
		{9678A496-B1DB-4AFC-B5D3-7A23B93F03DA}.Release_Ansi|Win32.ActiveCfg = Release|Win32
		{9678A496-B1DB-4AFC-B5D3-7A23B93F03DA}.Release_Ansi|Win32.Build.0 = Release|Win32
		{9678A496-B1DB-4AFC-B5D3-7A23B93F03DA}.Release|Win32.ActiveCfg = Release|Win32
		{9678A496-B1DB-4AFC-B5D3-7A23B93F03DA}.Release|Win32.Build.0 = Release|Win32
		{9678A496-B1DB-4AFC-B5D3-7A23B93F03DA}.ReleaseDX_Ansi|Win32.ActiveCfg = Release|Win32
		{9678A496-B1DB-4AFC-B5D3-7A23B93F03DA}.ReleaseDX_Ansi|Win32.Build.0 = Release|Win32
		{9678A496-B1DB-4AFC-B5D3-7A23B93F03DA}.ReleaseDX|Win32.ActiveCfg = Release|Win32
		{9678A496-B1DB-4AFC-B5D3-7A23B93F03DA}.ReleaseDX|Win32.Build.0 = Release|Win32
		{9678A496-B1DB-4AFC-B5D3-7A23B93F03DA}.ReleaseVideo_Ansi|Win32.ActiveCfg = Release|Win32
		{9678A496-B1DB-4AFC-B5D3-7A23B93F03DA}.ReleaseVideo_Ansi|Win32.Build.0 = Release|Win32
		{9678A496-B1DB-4AFC-B5D3-7A23B93F03DA}.ReleaseVideo|Win32.ActiveCfg = Release|Win32
		{9678A496-B1DB-4AFC-B5D3-7A23B93F03DA}.ReleaseVideo|Win32.Build.0 = Release|Win32
		{72329C1B-C4A7-465E-B695-C1862769BC5F}.Debug_Ansi_J2K|Win32.ActiveCfg = Debug|Win32
		{72329C1B-C4A7-465E-B695-C1862769BC5F}.Debug_Ansi|Win32.ActiveCfg = Debug|Win32
		{72329C1B-C4A7-465E-B695-C1862769BC5F}.Debug_Ansi|Win32.Build.0 = Debug|Win32
		{72329C1B-C4A7-465E-B695-C1862769BC5F}.Debug|Win32.ActiveCfg = Debug|Win32
		{72329C1B-C4A7-465E-B695-C1862769BC5F}.Debug|Win32.Build.0 = Debug|Win32
		{72329C1B-C4A7-465E-B695-C1862769BC5F}.DebugDX_Ansi|Win32.ActiveCfg = Debug|Win32
		{72329C1B-C4A7-465E-B695-C1862769BC5F}.DebugDX_Ansi|Win32.Build.0 = Debug|Win32
		{72329C1B-C4A7-465E-B695-C1862769BC5F}.DebugDX|Win32.ActiveCfg = Debug|Win32
		{72329C1B-C4A7-465E-B695-C1862769BC5F}.DebugDX|Win32.Build.0 = Debug|Win32
		{72329C1B-C4A7-465E-B695-C1862769BC5F}.DebugVideo_Ansi|Win32.ActiveCfg = Debug|Win32
		{72329C1B-C4A7-465E-B695-C1862769BC5F}.DebugVideo_Ansi|Win32.Build.0 = Debug|Win32
		{72329C1B-C4A7-465E-B695-C1862769BC5F}.DebugVideo|Win32.ActiveCfg = Debug|Win32
		{72329C1B-C4A7-465E-B695-C1862769BC5F}.DebugVideo|Win32.Build.0 = Debug|Win32
		{72329C1B-C4A7-465E-B695-C1862769BC5F}.Release_Ansi_J2K|Win32.ActiveCfg = Release|Win32
		{72329C1B-C4A7-465E-B695-C1862769BC5F}.Release_Ansi_J2K|Win32.Build.0 = Release|Win32
		{72329C1B-C4A7-465E-B695-C1862769BC5F}.Release_Ansi|Win32.ActiveCfg = Release|Win32
		{72329C1B-C4A7-465E-B695-C1862769BC5F}.Release_Ansi|Win32.Build.0 = Release|Win32
		{72329C1B-C4A7-465E-B695-C1862769BC5F}.Release|Win32.ActiveCfg = Release|Win32
		{72329C1B-C4A7-465E-B695-C1862769BC5F}.Release|Win32.Build.0 = Release|Win32
		{72329C1B-C4A7-465E-B695-C1862769BC5F}.ReleaseDX_Ansi|Win32.ActiveCfg = Release|Win32
		{72329C1B-C4A7-465E-B695-C1862769BC5F}.ReleaseDX_Ansi|Win32.Build.0 = Release|Win32
		{72329C1B-C4A7-465E-B695-C1862769BC5F}.ReleaseDX|Win32.ActiveCfg = Release|Win32
		{72329C1B-C4A7-465E-B695-C1862769BC5F}.ReleaseDX|Win32.Build.0 = Release|Win32
		{72329C1B-C4A7-465E-B695-C1862769BC5F}.ReleaseVideo_Ansi|Win32.ActiveCfg = Release|Win32
		{72329C1B-C4A7-465E-B695-C1862769BC5F}.ReleaseVideo_Ansi|Win32.Build.0 = Release|Win32
		{72329C1B-C4A7-465E-B695-C1862769BC5F}.ReleaseVideo|Win32.ActiveCfg = Release|Win32
		{72329C1B-C4A7-465E-B695-C1862769BC5F}.ReleaseVideo|Win32.Build.0 = Release|Win32
		{F1B306FD-EDDC-48BD-8A60-3E388389D9CC}.Debug_Ansi_J2K|Win32.ActiveCfg = Debug|Win32
		{F1B306FD-EDDC-48BD-8A60-3E388389D9CC}.Debug_Ansi|Win32.ActiveCfg = Debug|Win32
		{F1B306FD-EDDC-48BD-8A60-3E388389D9CC}.Debug_Ansi|Win32.Build.0 = Debug|Win32
		{F1B306FD-EDDC-48BD-8A60-3E388389D9CC}.Debug|Win32.ActiveCfg = Debug|Win32
		{F1B306FD-EDDC-48BD-8A60-3E388389D9CC}.Debug|Win32.Build.0 = Debug|Win32
		{F1B306FD-EDDC-48BD-8A60-3E388389D9CC}.DebugDX_Ansi|Win32.ActiveCfg = Debug|Win32
		{F1B306FD-EDDC-48BD-8A60-3E388389D9CC}.DebugDX_Ansi|Win32.Build.0 = Debug|Win32
		{F1B306FD-EDDC-48BD-8A60-3E388389D9CC}.DebugDX|Win32.ActiveCfg = Debug|Win32
		{F1B306FD-EDDC-48BD-8A60-3E388389D9CC}.DebugDX|Win32.Build.0 = Debug|Win32
		{F1B306FD-EDDC-48BD-8A60-3E388389D9CC}.DebugVideo_Ansi|Win32.ActiveCfg = Debug|Win32
		{F1B306FD-EDDC-48BD-8A60-3E388389D9CC}.DebugVideo_Ansi|Win32.Build.0 = Debug|Win32
		{F1B306FD-EDDC-48BD-8A60-3E388389D9CC}.DebugVideo|Win32.ActiveCfg = Debug|Win32
		{F1B306FD-EDDC-48BD-8A60-3E388389D9CC}.DebugVideo|Win32.Build.0 = Debug|Win32
		{F1B306FD-EDDC-48BD-8A60-3E388389D9CC}.Release_Ansi_J2K|Win32.ActiveCfg = Release|Win32
		{F1B306FD-EDDC-48BD-8A60-3E388389D9CC}.Release_Ansi_J2K|Win32.Build.0 = Release|Win32
		{F1B306FD-EDDC-48BD-8A60-3E388389D9CC}.Release_Ansi|Win32.ActiveCfg = Release|Win32
		{F1B306FD-EDDC-48BD-8A60-3E388389D9CC}.Release_Ansi|Win32.Build.0 = Release|Win32
		{F1B306FD-EDDC-48BD-8A60-3E388389D9CC}.Release|Win32.ActiveCfg = Release|Win32
		{F1B306FD-EDDC-48BD-8A60-3E388389D9CC}.Release|Win32.Build.0 = Release|Win32
		{F1B306FD-EDDC-48BD-8A60-3E388389D9CC}.ReleaseDX_Ansi|Win32.ActiveCfg = Release|Win32
		{F1B306FD-EDDC-48BD-8A60-3E388389D9CC}.ReleaseDX_Ansi|Win32.Build.0 = Release|Win32
		{F1B306FD-EDDC-48BD-8A60-3E388389D9CC}.ReleaseDX|Win32.ActiveCfg = Release|Win32
		{F1B306FD-EDDC-48BD-8A60-3E388389D9CC}.ReleaseDX|Win32.Build.0 = Release|Win32
		{F1B306FD-EDDC-48BD-8A60-3E388389D9CC}.ReleaseVideo_Ansi|Win32.ActiveCfg = Release|Win32
		{F1B306FD-EDDC-48BD-8A60-3E388389D9CC}.ReleaseVideo_Ansi|Win32.Build.0 = Release|Win32
		{F1B306FD-EDDC-48BD-8A60-3E388389D9CC}.ReleaseVideo|Win32.ActiveCfg = Release|Win32
		{F1B306FD-EDDC-48BD-8A60-3E388389D9CC}.ReleaseVideo|Win32.Build.0 = Release|Win32
	EndGlobalSection
	GlobalSection(SolutionProperties) = preSolution
		HideSolutionNode = FALSE
	EndGlobalSection
EndGlobal
