
Microsoft Visual Studio Solution File, Format Version 9.00
# Visual Studio 2005
Project("{FAE04EC0-301F-11D3-BF4B-00C04F79EFBC}") = "ResourceGenerator", "ResourceGenerator\ResourceGenerator.csproj", "{5FC72997-03AA-47A0-AF21-030DC847CF5F}"
EndProject
Global
	GlobalSection(SolutionConfigurationPlatforms) = preSolution
		Debug|Any CPU = Debug|Any CPU
		Release|Any CPU = Release|Any CPU
	EndGlobalSection
	GlobalSection(ProjectConfigurationPlatforms) = postSolution
		{5FC72997-03AA-47A0-AF21-030DC847CF5F}.Debug|Any CPU.ActiveCfg = Debug|Any CPU
		{5FC72997-03AA-47A0-AF21-030DC847CF5F}.Debug|Any CPU.Build.0 = Debug|Any CPU
		{5FC72997-03AA-47A0-AF21-030DC847CF5F}.Release|Any CPU.ActiveCfg = Release|Any CPU
		{5FC72997-03AA-47A0-AF21-030DC847CF5F}.Release|Any CPU.Build.0 = Release|Any CPU
	EndGlobalSection
	GlobalSection(SolutionProperties) = preSolution
		HideSolutionNode = FALSE
	EndGlobalSection
EndGlobal
